
Microsoft Visual Studio Solution File, Format Version 12.00
# Visual Studio Version 16
VisualStudioVersion = 16.0.30204.135
MinimumVisualStudioVersion = 10.0.40219.1
Project("{FAE04EC0-301F-11D3-BF4B-00C04F79EFBC}") = "Opdracht4Letterfrequenties", "Opdracht4Letterfrequenties\Opdracht4Letterfrequenties.csproj", "{2349FBD0-31F5-4270-A518-81F9BD8A96A6}"
EndProject
Global
	GlobalSection(SolutionConfigurationPlatforms) = preSolution
		Debug|Any CPU = Debug|Any CPU
		Release|Any CPU = Release|Any CPU
	EndGlobalSection
	GlobalSection(ProjectConfigurationPlatforms) = postSolution
		{2349FBD0-31F5-4270-A518-81F9BD8A96A6}.Debug|Any CPU.ActiveCfg = Debug|Any CPU
		{2349FBD0-31F5-4270-A518-81F9BD8A96A6}.Debug|Any CPU.Build.0 = Debug|Any CPU
		{2349FBD0-31F5-4270-A518-81F9BD8A96A6}.Release|Any CPU.ActiveCfg = Release|Any CPU
		{2349FBD0-31F5-4270-A518-81F9BD8A96A6}.Release|Any CPU.Build.0 = Release|Any CPU
	EndGlobalSection
	GlobalSection(SolutionProperties) = preSolution
		HideSolutionNode = FALSE
	EndGlobalSection
	GlobalSection(ExtensibilityGlobals) = postSolution
		SolutionGuid = {4E0518DC-9D5B-4DB7-A20F-82211945728B}
	EndGlobalSection
EndGlobal
